// !$*UTF8*$!
{
	archiveVersion = 1;
	classes = {
	};
	objectVersion = 46;
	objects = {

/* Begin PBXBuildFile section */
		FC41A70E1F446A3E00E7BE7F /* AppDelegate.swift in Sources */ = {isa = PBXBuildFile; fileRef = FC41A70D1F446A3E00E7BE7F /* AppDelegate.swift */; };
		FC41A7101F446A3E00E7BE7F /* ViewController.swift in Sources */ = {isa = PBXBuildFile; fileRef = FC41A70F1F446A3E00E7BE7F /* ViewController.swift */; };
		FC41A7121F446A3E00E7BE7F /* Assets.xcassets in Resources */ = {isa = PBXBuildFile; fileRef = FC41A7111F446A3E00E7BE7F /* Assets.xcassets */; };
		FC41A7151F446A3E00E7BE7F /* Main.storyboard in Resources */ = {isa = PBXBuildFile; fileRef = FC41A7131F446A3E00E7BE7F /* Main.storyboard */; };
		FC41A71D1F446AEC00E7BE7F /* Preview_Window.swift in Sources */ = {isa = PBXBuildFile; fileRef = FC41A71C1F446AEC00E7BE7F /* Preview_Window.swift */; };
/* End PBXBuildFile section */

/* Begin PBXFileReference section */
		FC41A70A1F446A3E00E7BE7F /* Thumb_Preview.app */ = {isa = PBXFileReference; explicitFileType = wrapper.application; includeInIndex = 0; path = Thumb_Preview.app; sourceTree = BUILT_PRODUCTS_DIR; };
		FC41A70D1F446A3E00E7BE7F /* AppDelegate.swift */ = {isa = PBXFileReference; lastKnownFileType = sourcecode.swift; path = AppDelegate.swift; sourceTree = "<group>"; };
		FC41A70F1F446A3E00E7BE7F /* ViewController.swift */ = {isa = PBXFileReference; lastKnownFileType = sourcecode.swift; path = ViewController.swift; sourceTree = "<group>"; };
		FC41A7111F446A3E00E7BE7F /* Assets.xcassets */ = {isa = PBXFileReference; lastKnownFileType = folder.assetcatalog; path = Assets.xcassets; sourceTree = "<group>"; };
		FC41A7141F446A3E00E7BE7F /* Base */ = {isa = PBXFileReference; lastKnownFileType = file.storyboard; name = Base; path = Base.lproj/Main.storyboard; sourceTree = "<group>"; };
		FC41A7161F446A3E00E7BE7F /* Info.plist */ = {isa = PBXFileReference; lastKnownFileType = text.plist.xml; path = Info.plist; sourceTree = "<group>"; };
		FC41A71C1F446AEC00E7BE7F /* Preview_Window.swift */ = {isa = PBXFileReference; fileEncoding = 4; lastKnownFileType = sourcecode.swift; path = Preview_Window.swift; sourceTree = "<group>"; };
/* End PBXFileReference section */

/* Begin PBXFrameworksBuildPhase section */
		FC41A7071F446A3E00E7BE7F /* Frameworks */ = {
			isa = PBXFrameworksBuildPhase;
			buildActionMask = 2147483647;
			files = (
			);
			runOnlyForDeploymentPostprocessing = 0;
		};
/* End PBXFrameworksBuildPhase section */

/* Begin PBXGroup section */
		FC41A7011F446A3E00E7BE7F = {
			isa = PBXGroup;
			children = (
				FC41A70C1F446A3E00E7BE7F /* Thumb_Preview */,
				FC41A70B1F446A3E00E7BE7F /* Products */,
			);
			sourceTree = "<group>";
		};
		FC41A70B1F446A3E00E7BE7F /* Products */ = {
			isa = PBXGroup;
			children = (
				FC41A70A1F446A3E00E7BE7F /* Thumb_Preview.app */,
			);
			name = Products;
			sourceTree = "<group>";
		};
		FC41A70C1F446A3E00E7BE7F /* Thumb_Preview */ = {
			isa = PBXGroup;
			children = (
				FC41A70D1F446A3E00E7BE7F /* AppDelegate.swift */,
				FC41A70F1F446A3E00E7BE7F /* ViewController.swift */,
				FC41A7111F446A3E00E7BE7F /* Assets.xcassets */,
				FC41A7131F446A3E00E7BE7F /* Main.storyboard */,
				FC41A71C1F446AEC00E7BE7F /* Preview_Window.swift */,
				FC41A7161F446A3E00E7BE7F /* Info.plist */,
			);
			path = Thumb_Preview;
			sourceTree = "<group>";
		};
/* End PBXGroup section */

/* Begin PBXNativeTarget section */
		FC41A7091F446A3E00E7BE7F /* Thumb_Preview */ = {
			isa = PBXNativeTarget;
			buildConfigurationList = FC41A7191F446A3E00E7BE7F /* Build configuration list for PBXNativeTarget "Thumb_Preview" */;
			buildPhases = (
				FC41A7061F446A3E00E7BE7F /* Sources */,
				FC41A7071F446A3E00E7BE7F /* Frameworks */,
				FC41A7081F446A3E00E7BE7F /* Resources */,
			);
			buildRules = (
			);
			dependencies = (
			);
			name = Thumb_Preview;
			productName = Thumb_Preview;
			productReference = FC41A70A1F446A3E00E7BE7F /* Thumb_Preview.app */;
			productType = "com.apple.product-type.application";
		};
/* End PBXNativeTarget section */

/* Begin PBXProject section */
		FC41A7021F446A3E00E7BE7F /* Project object */ = {
			isa = PBXProject;
			attributes = {
				LastSwiftUpdateCheck = 0830;
				LastUpgradeCheck = 0830;
				ORGANIZATIONNAME = "David Rogers";
				TargetAttributes = {
					FC41A7091F446A3E00E7BE7F = {
						CreatedOnToolsVersion = 8.3.3;
						DevelopmentTeam = 2R577Z8998;
						ProvisioningStyle = Automatic;
					};
				};
			};
			buildConfigurationList = FC41A7051F446A3E00E7BE7F /* Build configuration list for PBXProject "Thumb_Preview" */;
			compatibilityVersion = "Xcode 3.2";
			developmentRegion = English;
			hasScannedForEncodings = 0;
			knownRegions = (
				en,
				Base,
			);
			mainGroup = FC41A7011F446A3E00E7BE7F;
			productRefGroup = FC41A70B1F446A3E00E7BE7F /* Products */;
			projectDirPath = "";
			projectRoot = "";
			targets = (
				FC41A7091F446A3E00E7BE7F /* Thumb_Preview */,
			);
		};
/* End PBXProject section */

/* Begin PBXResourcesBuildPhase section */
		FC41A7081F446A3E00E7BE7F /* Resources */ = {
			isa = PBXResourcesBuildPhase;
			buildActionMask = 2147483647;
			files = (
				FC41A7121F446A3E00E7BE7F /* Assets.xcassets in Resources */,
				FC41A7151F446A3E00E7BE7F /* Main.storyboard in Resources */,
			);
			runOnlyForDeploymentPostprocessing = 0;
		};
/* End PBXResourcesBuildPhase section */

/* Begin PBXSourcesBuildPhase section */
		FC41A7061F446A3E00E7BE7F /* Sources */ = {
			isa = PBXSourcesBuildPhase;
			buildActionMask = 2147483647;
			files = (
				FC41A71D1F446AEC00E7BE7F /* Preview_Window.swift in Sources */,
				FC41A7101F446A3E00E7BE7F /* ViewController.swift in Sources */,
				FC41A70E1F446A3E00E7BE7F /* AppDelegate.swift in Sources */,
			);
			runOnlyForDeploymentPostprocessing = 0;
		};
/* End PBXSourcesBuildPhase section */

/* Begin PBXVariantGroup section */
		FC41A7131F446A3E00E7BE7F /* Main.storyboard */ = {
			isa = PBXVariantGroup;
			children = (
				FC41A7141F446A3E00E7BE7F /* Base */,
			);
			name = Main.storyboard;
			sourceTree = "<group>";
		};
/* End PBXVariantGroup section */

/* Begin XCBuildConfiguration section */
		FC41A7171F446A3E00E7BE7F /* Debug */ = {
			isa = XCBuildConfiguration;
			buildSettings = {
				ALWAYS_SEARCH_USER_PATHS = NO;
				CLANG_ANALYZER_NONNULL = YES;
				CLANG_ANALYZER_NUMBER_OBJECT_CONVERSION = YES_AGGRESSIVE;
				CLANG_CXX_LANGUAGE_STANDARD = "gnu++0x";
				CLANG_CXX_LIBRARY = "libc++";
				CLANG_ENABLE_MODULES = YES;
				CLANG_ENABLE_OBJC_ARC = YES;
				CLANG_WARN_BOOL_CONVERSION = YES;
				CLANG_WARN_CONSTANT_CONVERSION = YES;
				CLANG_WARN_DIRECT_OBJC_ISA_USAGE = YES_ERROR;
				CLANG_WARN_DOCUMENTATION_COMMENTS = YES;
				CLANG_WARN_EMPTY_BODY = YES;
				CLANG_WARN_ENUM_CONVERSION = YES;
				CLANG_WARN_INFINITE_RECURSION = YES;
				CLANG_WARN_INT_CONVERSION = YES;
				CLANG_WARN_OBJC_ROOT_CLASS = YES_ERROR;
				CLANG_WARN_SUSPICIOUS_MOVE = YES;
				CLANG_WARN_UNREACHABLE_CODE = YES;
				CLANG_WARN__DUPLICATE_METHOD_MATCH = YES;
				CODE_SIGN_IDENTITY = "-";
				COPY_PHASE_STRIP = NO;
				DEBUG_INFORMATION_FORMAT = dwarf;
				ENABLE_STRICT_OBJC_MSGSEND = YES;
				ENABLE_TESTABILITY = YES;
				GCC_C_LANGUAGE_STANDARD = gnu99;
				GCC_DYNAMIC_NO_PIC = NO;
				GCC_NO_COMMON_BLOCKS = YES;
				GCC_OPTIMIZATION_LEVEL = 0;
				GCC_PREPROCESSOR_DEFINITIONS = (
					"DEBUG=1",
					"$(inherited)",
				);
				GCC_WARN_64_TO_32_BIT_CONVERSION = YES;
				GCC_WARN_ABOUT_RETURN_TYPE = YES_ERROR;
				GCC_WARN_UNDECLARED_SELECTOR = YES;
				GCC_WARN_UNINITIALIZED_AUTOS = YES_AGGRESSIVE;
				GCC_WARN_UNUSED_FUNCTION = YES;
				GCC_WARN_UNUSED_VARIABLE = YES;
				MACOSX_DEPLOYMENT_TARGET = 10.12;
				MTL_ENABLE_DEBUG_INFO = YES;
				ONLY_ACTIVE_ARCH = YES;
				SDKROOT = macosx;
				SWIFT_ACTIVE_COMPILATION_CONDITIONS = DEBUG;
				SWIFT_OPTIMIZATION_LEVEL = "-Onone";
			};
			name = Debug;
		};
		FC41A7181F446A3E00E7BE7F /* Release */ = {
			isa = XCBuildConfiguration;
			buildSettings = {
				ALWAYS_SEARCH_USER_PATHS = NO;
				CLANG_ANALYZER_NONNULL = YES;
				CLANG_ANALYZER_NUMBER_OBJECT_CONVERSION = YES_AGGRESSIVE;
				CLANG_CXX_LANGUAGE_STANDARD = "gnu++0x";
				CLANG_CXX_LIBRARY = "libc++";
				CLANG_ENABLE_MODULES = YES;
				CLANG_ENABLE_OBJC_ARC = YES;
				CLANG_WARN_BOOL_CONVERSION = YES;
				CLANG_WARN_CONSTANT_CONVERSION = YES;
				CLANG_WARN_DIRECT_OBJC_ISA_USAGE = YES_ERROR;
				CLANG_WARN_DOCUMENTATION_COMMENTS = YES;
				CLANG_WARN_EMPTY_BODY = YES;
				CLANG_WARN_ENUM_CONVERSION = YES;
				CLANG_WARN_INFINITE_RECURSION = YES;
				CLANG_WARN_INT_CONVERSION = YES;
				CLANG_WARN_OBJC_ROOT_CLASS = YES_ERROR;
				CLANG_WARN_SUSPICIOUS_MOVE = YES;
				CLANG_WARN_UNREACHABLE_CODE = YES;
				CLANG_WARN__DUPLICATE_METHOD_MATCH = YES;
				CODE_SIGN_IDENTITY = "-";
				COPY_PHASE_STRIP = NO;
				DEBUG_INFORMATION_FORMAT = "dwarf-with-dsym";
				ENABLE_NS_ASSERTIONS = NO;
				ENABLE_STRICT_OBJC_MSGSEND = YES;
				GCC_C_LANGUAGE_STANDARD = gnu99;
				GCC_NO_COMMON_BLOCKS = YES;
				GCC_WARN_64_TO_32_BIT_CONVERSION = YES;
				GCC_WARN_ABOUT_RETURN_TYPE = YES_ERROR;
				GCC_WARN_UNDECLARED_SELECTOR = YES;
				GCC_WARN_UNINITIALIZED_AUTOS = YES_AGGRESSIVE;
				GCC_WARN_UNUSED_FUNCTION = YES;
				GCC_WARN_UNUSED_VARIABLE = YES;
				MACOSX_DEPLOYMENT_TARGET = 10.12;
				MTL_ENABLE_DEBUG_INFO = NO;
				SDKROOT = macosx;
				SWIFT_OPTIMIZATION_LEVEL = "-Owholemodule";
			};
			name = Release;
		};
		FC41A71A1F446A3E00E7BE7F /* Debug */ = {
			isa = XCBuildConfiguration;
			buildSettings = {
				ASSETCATALOG_COMPILER_APPICON_NAME = AppIcon;
				COMBINE_HIDPI_IMAGES = YES;
				DEVELOPMENT_TEAM = 2R577Z8998;
				INFOPLIST_FILE = Thumb_Preview/Info.plist;
				LD_RUNPATH_SEARCH_PATHS = "$(inherited) @executable_path/../Frameworks";
				PRODUCT_BUNDLE_IDENTIFIER = "us.drogers.Thumb-Preview";
				PRODUCT_NAME = "$(TARGET_NAME)";
				SWIFT_VERSION = 3.0;
			};
			name = Debug;
		};
		FC41A71B1F446A3E00E7BE7F /* Release */ = {
			isa = XCBuildConfiguration;
			buildSettings = {
				ASSETCATALOG_COMPILER_APPICON_NAME = AppIcon;
				COMBINE_HIDPI_IMAGES = YES;
				DEVELOPMENT_TEAM = 2R577Z8998;
				INFOPLIST_FILE = Thumb_Preview/Info.plist;
				LD_RUNPATH_SEARCH_PATHS = "$(inherited) @executable_path/../Frameworks";
				PRODUCT_BUNDLE_IDENTIFIER = "us.drogers.Thumb-Preview";
				PRODUCT_NAME = "$(TARGET_NAME)";
				SWIFT_VERSION = 3.0;
			};
			name = Release;
		};
/* End XCBuildConfiguration section */

/* Begin XCConfigurationList section */
		FC41A7051F446A3E00E7BE7F /* Build configuration list for PBXProject "Thumb_Preview" */ = {
			isa = XCConfigurationList;
			buildConfigurations = (
				FC41A7171F446A3E00E7BE7F /* Debug */,
				FC41A7181F446A3E00E7BE7F /* Release */,
			);
			defaultConfigurationIsVisible = 0;
			defaultConfigurationName = Release;
		};
		FC41A7191F446A3E00E7BE7F /* Build configuration list for PBXNativeTarget "Thumb_Preview" */ = {
			isa = XCConfigurationList;
			buildConfigurations = (
				FC41A71A1F446A3E00E7BE7F /* Debug */,
				FC41A71B1F446A3E00E7BE7F /* Release */,
			);
			defaultConfigurationIsVisible = 0;
		};
/* End XCConfigurationList section */
	};
	rootObject = FC41A7021F446A3E00E7BE7F /* Project object */;
}

